Microsoft Visual Studio Solution File, Format Version 12.00
# Visual Studio Version 17
VisualStudioVersion = 17.5.2.0
MinimumVisualStudioVersion = 10.0.40219.1
Project("{FAE04EC0-301F-11D3-BF4B-00C04F79EFBC}") = "AS-Catalogo-NET", "AS-Catalogo-NET.csproj", "{80831905-6946-E508-63A8-F821FAB26D75}"
EndProject
Global
	GlobalSection(SolutionConfigurationPlatforms) = preSolution
		Debug|Any CPU = Debug|Any CPU
		Release|Any CPU = Release|Any CPU
	EndGlobalSection
	GlobalSection(ProjectConfigurationPlatforms) = postSolution
		{80831905-6946-E508-63A8-F821FAB26D75}.Debug|Any CPU.ActiveCfg = Debug|Any CPU
		{80831905-6946-E508-63A8-F821FAB26D75}.Debug|Any CPU.Build.0 = Debug|Any CPU
		{80831905-6946-E508-63A8-F821FAB26D75}.Release|Any CPU.ActiveCfg = Release|Any CPU
		{80831905-6946-E508-63A8-F821FAB26D75}.Release|Any CPU.Build.0 = Release|Any CPU
	EndGlobalSection
	GlobalSection(SolutionProperties) = preSolution
		HideSolutionNode = FALSE
	EndGlobalSection
	GlobalSection(ExtensibilityGlobals) = postSolution
		SolutionGuid = {17B78A19-6105-4144-9039-6C7C4A7DEBC9}
	EndGlobalSection
EndGlobal
